{
  "name": "cucumber-compatibility-kit-for-perl-tests",
  "version": "1.0.0",
  "lockfileVersion": 2,
  "requires": true,
  "packages": {
    "": {
      "name": "cucumber-compatibility-kit-for-perl-tests",
      "version": "1.0.0",
      "license": "ISC",
      "devDependencies": {
        "@cucumber/compatibility-kit": "^24.0.0"
      }
    },
    "node_modules/@cucumber/compatibility-kit": {
      "version": "24.0.0",
      "resolved": "https://registry.npmjs.org/@cucumber/compatibility-kit/-/compatibility-kit-24.0.0.tgz",
      "integrity": "sha512-tcwmc/CnkzFcgbtC+agZ55tMIuBSM7LBq40G+/ji3CukBzw+T2jKgZ6D27OR8uMd6b0YvGsvjjOA8nhLdPzbuA==",
      "dev": true
    }
  },
  "dependencies": {
    "@cucumber/compatibility-kit": {
      "version": "24.0.0",
      "resolved": "https://registry.npmjs.org/@cucumber/compatibility-kit/-/compatibility-kit-24.0.0.tgz",
      "integrity": "sha512-tcwmc/CnkzFcgbtC+agZ55tMIuBSM7LBq40G+/ji3CukBzw+T2jKgZ6D27OR8uMd6b0YvGsvjjOA8nhLdPzbuA==",
      "dev": true
    }
  }
}
