{
  "name": "cucumber-compatibility-kit-for-perl-tests",
  "version": "1.0.0",
  "lockfileVersion": 2,
  "requires": true,
  "packages": {
    "": {
      "name": "cucumber-compatibility-kit-for-perl-tests",
      "version": "1.0.0",
      "license": "ISC",
      "devDependencies": {
        "@cucumber/compatibility-kit": "^13.0.0"
      }
    },
    "node_modules/@cucumber/compatibility-kit": {
      "version": "13.0.1",
      "resolved": "https://registry.npmjs.org/@cucumber/compatibility-kit/-/compatibility-kit-13.0.1.tgz",
      "integrity": "sha512-s6Nsx6v5iVCIaVXtbKZ2RFmNK/Vu9jeCjvOME5Rn7gpHphNFp4mhX9vmvL2Np7OwKTaaPtpkdJEMjIUS+5JlqQ==",
      "dev": true
    }
  },
  "dependencies": {
    "@cucumber/compatibility-kit": {
      "version": "13.0.1",
      "resolved": "https://registry.npmjs.org/@cucumber/compatibility-kit/-/compatibility-kit-13.0.1.tgz",
      "integrity": "sha512-s6Nsx6v5iVCIaVXtbKZ2RFmNK/Vu9jeCjvOME5Rn7gpHphNFp4mhX9vmvL2Np7OwKTaaPtpkdJEMjIUS+5JlqQ==",
      "dev": true
    }
  }
}
