{
  "name": "cucumber-compatibility-kit-for-perl-tests",
  "version": "1.0.0",
  "lockfileVersion": 2,
  "requires": true,
  "packages": {
    "": {
      "name": "cucumber-compatibility-kit-for-perl-tests",
      "version": "1.0.0",
      "license": "ISC",
      "devDependencies": {
        "@cucumber/compatibility-kit": "^18.0.0"
      }
    },
    "node_modules/@cucumber/compatibility-kit": {
      "version": "18.0.2",
      "resolved": "https://registry.npmjs.org/@cucumber/compatibility-kit/-/compatibility-kit-18.0.2.tgz",
      "integrity": "sha512-e4LzjpcAlMy8DBzAtDdv97m0GW1qO15tRmJEBxokXNUOofNSyKq4Aswdz97bzamJCWhJ6XASmoGlRKPuMWi2Dg==",
      "dev": true
    }
  },
  "dependencies": {
    "@cucumber/compatibility-kit": {
      "version": "18.0.2",
      "resolved": "https://registry.npmjs.org/@cucumber/compatibility-kit/-/compatibility-kit-18.0.2.tgz",
      "integrity": "sha512-e4LzjpcAlMy8DBzAtDdv97m0GW1qO15tRmJEBxokXNUOofNSyKq4Aswdz97bzamJCWhJ6XASmoGlRKPuMWi2Dg==",
      "dev": true
    }
  }
}
